
Microsoft Visual Studio Solution File, Format Version 12.00
# Visual Studio Version 17
VisualStudioVersion = 17.14.36121.58
MinimumVisualStudioVersion = 10.0.40219.1
Project("{FAE04EC0-301F-11D3-BF4B-00C04F79EFBC}") = "Lesson_1", "Lesson_1\Lesson_1.csproj", "{13DE72E4-3257-4FBD-B6C1-0218DB03A103}"
EndProject
Project("{FAE04EC0-301F-11D3-BF4B-00C04F79EFBC}") = "Lesson_2", "Lesson_2\Lesson_2.csproj", "{D543EA00-CBC3-453D-B41B-088462FDE1F8}"
EndProject
Project("{FAE04EC0-301F-11D3-BF4B-00C04F79EFBC}") = "Lesson_3", "Lesson_3\Lesson_3.csproj", "{B21CF212-6B1E-43E9-BA4D-798415988BD1}"
EndProject
Project("{FAE04EC0-301F-11D3-BF4B-00C04F79EFBC}") = "Lesson_4", "Lesson_4\Lesson_4.csproj", "{CA998F5B-8AE0-4C40-98AD-A6A048850B4F}"
EndProject
Project("{FAE04EC0-301F-11D3-BF4B-00C04F79EFBC}") = "Lesson_6", "Lesson_6\Lesson_6.csproj", "{242BF423-604A-407A-A5BC-0E73F17D004F}"
EndProject
Project("{FAE04EC0-301F-11D3-BF4B-00C04F79EFBC}") = "Lesson_10", "Lesson_10\Lesson_10.csproj", "{70DDB47B-6400-401B-AD56-3D66DD0BE2B6}"
EndProject
Project("{FAE04EC0-301F-11D3-BF4B-00C04F79EFBC}") = "HomeWork_10", "HomeWork_10\HomeWork_10.csproj", "{A4658D82-AD6D-4A80-B1A1-6064E7389819}"
EndProject
Project("{FAE04EC0-301F-11D3-BF4B-00C04F79EFBC}") = "HomeWork_11", "HomeWork_11\HomeWork_11.csproj", "{8DFC2DE0-40A4-434B-841A-A1E1B6024824}"
EndProject
Project("{FAE04EC0-301F-11D3-BF4B-00C04F79EFBC}") = "Lesson_12", "Lesson_12\Lesson_12.csproj", "{E04E137E-5B7E-4E43-82CB-2680380F2BF4}"
EndProject
Project("{FAE04EC0-301F-11D3-BF4B-00C04F79EFBC}") = "HomeWork_12", "HomeWork_12\HomeWork_12.csproj", "{96E2D5D1-2404-48DF-AC9A-B79530B6CCFB}"
EndProject
Project("{FAE04EC0-301F-11D3-BF4B-00C04F79EFBC}") = "Homework_13", "Homework_13\Homework_13.csproj", "{A845CB9D-4E46-44BF-837E-F65C25132F0B}"
EndProject
Project("{FAE04EC0-301F-11D3-BF4B-00C04F79EFBC}") = "Lesson_14", "Lesson_14\Lesson_14.csproj", "{DE810FF9-B037-4B15-BD0A-9E8A862C7255}"
EndProject
Project("{FAE04EC0-301F-11D3-BF4B-00C04F79EFBC}") = "HomeWork_14", "HomeWork_14\HomeWork_14.csproj", "{2E3E48CC-434C-44FD-997C-C2EDE56BAD8F}"
EndProject
Project("{FAE04EC0-301F-11D3-BF4B-00C04F79EFBC}") = "Exam_2", "Exam_2\Exam_2.csproj", "{78207164-15F9-4A82-952B-801463CA9EF2}"
EndProject
Project("{FAE04EC0-301F-11D3-BF4B-00C04F79EFBC}") = "Lesson_15", "Lesson_15\Lesson_15.csproj", "{1C47443E-8EE9-4BC7-82FF-A72A03DB926C}"
EndProject
Global
	GlobalSection(SolutionConfigurationPlatforms) = preSolution
		Debug|Any CPU = Debug|Any CPU
		Release|Any CPU = Release|Any CPU
	EndGlobalSection
	GlobalSection(ProjectConfigurationPlatforms) = postSolution
		{13DE72E4-3257-4FBD-B6C1-0218DB03A103}.Debug|Any CPU.ActiveCfg = Debug|Any CPU
		{13DE72E4-3257-4FBD-B6C1-0218DB03A103}.Debug|Any CPU.Build.0 = Debug|Any CPU
		{13DE72E4-3257-4FBD-B6C1-0218DB03A103}.Release|Any CPU.ActiveCfg = Release|Any CPU
		{13DE72E4-3257-4FBD-B6C1-0218DB03A103}.Release|Any CPU.Build.0 = Release|Any CPU
		{D543EA00-CBC3-453D-B41B-088462FDE1F8}.Debug|Any CPU.ActiveCfg = Debug|Any CPU
		{D543EA00-CBC3-453D-B41B-088462FDE1F8}.Debug|Any CPU.Build.0 = Debug|Any CPU
		{D543EA00-CBC3-453D-B41B-088462FDE1F8}.Release|Any CPU.ActiveCfg = Release|Any CPU
		{D543EA00-CBC3-453D-B41B-088462FDE1F8}.Release|Any CPU.Build.0 = Release|Any CPU
		{B21CF212-6B1E-43E9-BA4D-798415988BD1}.Debug|Any CPU.ActiveCfg = Debug|Any CPU
		{B21CF212-6B1E-43E9-BA4D-798415988BD1}.Debug|Any CPU.Build.0 = Debug|Any CPU
		{B21CF212-6B1E-43E9-BA4D-798415988BD1}.Release|Any CPU.ActiveCfg = Release|Any CPU
		{B21CF212-6B1E-43E9-BA4D-798415988BD1}.Release|Any CPU.Build.0 = Release|Any CPU
		{CA998F5B-8AE0-4C40-98AD-A6A048850B4F}.Debug|Any CPU.ActiveCfg = Debug|Any CPU
		{CA998F5B-8AE0-4C40-98AD-A6A048850B4F}.Debug|Any CPU.Build.0 = Debug|Any CPU
		{CA998F5B-8AE0-4C40-98AD-A6A048850B4F}.Release|Any CPU.ActiveCfg = Release|Any CPU
		{CA998F5B-8AE0-4C40-98AD-A6A048850B4F}.Release|Any CPU.Build.0 = Release|Any CPU
		{242BF423-604A-407A-A5BC-0E73F17D004F}.Debug|Any CPU.ActiveCfg = Debug|Any CPU
		{242BF423-604A-407A-A5BC-0E73F17D004F}.Debug|Any CPU.Build.0 = Debug|Any CPU
		{242BF423-604A-407A-A5BC-0E73F17D004F}.Release|Any CPU.ActiveCfg = Release|Any CPU
		{242BF423-604A-407A-A5BC-0E73F17D004F}.Release|Any CPU.Build.0 = Release|Any CPU
		{70DDB47B-6400-401B-AD56-3D66DD0BE2B6}.Debug|Any CPU.ActiveCfg = Debug|Any CPU
		{70DDB47B-6400-401B-AD56-3D66DD0BE2B6}.Debug|Any CPU.Build.0 = Debug|Any CPU
		{70DDB47B-6400-401B-AD56-3D66DD0BE2B6}.Release|Any CPU.ActiveCfg = Release|Any CPU
		{70DDB47B-6400-401B-AD56-3D66DD0BE2B6}.Release|Any CPU.Build.0 = Release|Any CPU
		{A4658D82-AD6D-4A80-B1A1-6064E7389819}.Debug|Any CPU.ActiveCfg = Debug|Any CPU
		{A4658D82-AD6D-4A80-B1A1-6064E7389819}.Debug|Any CPU.Build.0 = Debug|Any CPU
		{A4658D82-AD6D-4A80-B1A1-6064E7389819}.Release|Any CPU.ActiveCfg = Release|Any CPU
		{A4658D82-AD6D-4A80-B1A1-6064E7389819}.Release|Any CPU.Build.0 = Release|Any CPU
		{8DFC2DE0-40A4-434B-841A-A1E1B6024824}.Debug|Any CPU.ActiveCfg = Debug|Any CPU
		{8DFC2DE0-40A4-434B-841A-A1E1B6024824}.Debug|Any CPU.Build.0 = Debug|Any CPU
		{8DFC2DE0-40A4-434B-841A-A1E1B6024824}.Release|Any CPU.ActiveCfg = Release|Any CPU
		{8DFC2DE0-40A4-434B-841A-A1E1B6024824}.Release|Any CPU.Build.0 = Release|Any CPU
		{E04E137E-5B7E-4E43-82CB-2680380F2BF4}.Debug|Any CPU.ActiveCfg = Debug|Any CPU
		{E04E137E-5B7E-4E43-82CB-2680380F2BF4}.Debug|Any CPU.Build.0 = Debug|Any CPU
		{E04E137E-5B7E-4E43-82CB-2680380F2BF4}.Release|Any CPU.ActiveCfg = Release|Any CPU
		{E04E137E-5B7E-4E43-82CB-2680380F2BF4}.Release|Any CPU.Build.0 = Release|Any CPU
		{96E2D5D1-2404-48DF-AC9A-B79530B6CCFB}.Debug|Any CPU.ActiveCfg = Debug|Any CPU
		{96E2D5D1-2404-48DF-AC9A-B79530B6CCFB}.Debug|Any CPU.Build.0 = Debug|Any CPU
		{96E2D5D1-2404-48DF-AC9A-B79530B6CCFB}.Release|Any CPU.ActiveCfg = Release|Any CPU
		{96E2D5D1-2404-48DF-AC9A-B79530B6CCFB}.Release|Any CPU.Build.0 = Release|Any CPU
		{A845CB9D-4E46-44BF-837E-F65C25132F0B}.Debug|Any CPU.ActiveCfg = Debug|Any CPU
		{A845CB9D-4E46-44BF-837E-F65C25132F0B}.Debug|Any CPU.Build.0 = Debug|Any CPU
		{A845CB9D-4E46-44BF-837E-F65C25132F0B}.Release|Any CPU.ActiveCfg = Release|Any CPU
		{A845CB9D-4E46-44BF-837E-F65C25132F0B}.Release|Any CPU.Build.0 = Release|Any CPU
		{DE810FF9-B037-4B15-BD0A-9E8A862C7255}.Debug|Any CPU.ActiveCfg = Debug|Any CPU
		{DE810FF9-B037-4B15-BD0A-9E8A862C7255}.Debug|Any CPU.Build.0 = Debug|Any CPU
		{DE810FF9-B037-4B15-BD0A-9E8A862C7255}.Release|Any CPU.ActiveCfg = Release|Any CPU
		{DE810FF9-B037-4B15-BD0A-9E8A862C7255}.Release|Any CPU.Build.0 = Release|Any CPU
		{2E3E48CC-434C-44FD-997C-C2EDE56BAD8F}.Debug|Any CPU.ActiveCfg = Debug|Any CPU
		{2E3E48CC-434C-44FD-997C-C2EDE56BAD8F}.Debug|Any CPU.Build.0 = Debug|Any CPU
		{2E3E48CC-434C-44FD-997C-C2EDE56BAD8F}.Release|Any CPU.ActiveCfg = Release|Any CPU
		{2E3E48CC-434C-44FD-997C-C2EDE56BAD8F}.Release|Any CPU.Build.0 = Release|Any CPU
		{78207164-15F9-4A82-952B-801463CA9EF2}.Debug|Any CPU.ActiveCfg = Debug|Any CPU
		{78207164-15F9-4A82-952B-801463CA9EF2}.Debug|Any CPU.Build.0 = Debug|Any CPU
		{78207164-15F9-4A82-952B-801463CA9EF2}.Release|Any CPU.ActiveCfg = Release|Any CPU
		{78207164-15F9-4A82-952B-801463CA9EF2}.Release|Any CPU.Build.0 = Release|Any CPU
		{1C47443E-8EE9-4BC7-82FF-A72A03DB926C}.Debug|Any CPU.ActiveCfg = Debug|Any CPU
		{1C47443E-8EE9-4BC7-82FF-A72A03DB926C}.Debug|Any CPU.Build.0 = Debug|Any CPU
		{1C47443E-8EE9-4BC7-82FF-A72A03DB926C}.Release|Any CPU.ActiveCfg = Release|Any CPU
		{1C47443E-8EE9-4BC7-82FF-A72A03DB926C}.Release|Any CPU.Build.0 = Release|Any CPU
	EndGlobalSection
	GlobalSection(SolutionProperties) = preSolution
		HideSolutionNode = FALSE
	EndGlobalSection
	GlobalSection(ExtensibilityGlobals) = postSolution
		SolutionGuid = {230F2845-623F-4026-AE76-14A578FDA6A6}
	EndGlobalSection
EndGlobal
