
Microsoft Visual Studio Solution File, Format Version 12.00
# Visual Studio Version 17
VisualStudioVersion = 17.14.36121.58
MinimumVisualStudioVersion = 10.0.40219.1
Project("{FAE04EC0-301F-11D3-BF4B-00C04F79EFBC}") = "Lesson_1", "Lesson_1\Lesson_1.csproj", "{13DE72E4-3257-4FBD-B6C1-0218DB03A103}"
EndProject
Project("{FAE04EC0-301F-11D3-BF4B-00C04F79EFBC}") = "Lesson_2", "Lesson_2\Lesson_2.csproj", "{D543EA00-CBC3-453D-B41B-088462FDE1F8}"
EndProject
Project("{FAE04EC0-301F-11D3-BF4B-00C04F79EFBC}") = "Lesson_3", "Lesson_3\Lesson_3.csproj", "{B21CF212-6B1E-43E9-BA4D-798415988BD1}"
EndProject
Project("{FAE04EC0-301F-11D3-BF4B-00C04F79EFBC}") = "Lesson_4", "Lesson_4\Lesson_4.csproj", "{CA998F5B-8AE0-4C40-98AD-A6A048850B4F}"
EndProject
Project("{FAE04EC0-301F-11D3-BF4B-00C04F79EFBC}") = "Lesson_6", "Lesson_6\Lesson_6.csproj", "{242BF423-604A-407A-A5BC-0E73F17D004F}"
EndProject
Global
	GlobalSection(SolutionConfigurationPlatforms) = preSolution
		Debug|Any CPU = Debug|Any CPU
		Release|Any CPU = Release|Any CPU
	EndGlobalSection
	GlobalSection(ProjectConfigurationPlatforms) = postSolution
		{13DE72E4-3257-4FBD-B6C1-0218DB03A103}.Debug|Any CPU.ActiveCfg = Debug|Any CPU
		{13DE72E4-3257-4FBD-B6C1-0218DB03A103}.Debug|Any CPU.Build.0 = Debug|Any CPU
		{13DE72E4-3257-4FBD-B6C1-0218DB03A103}.Release|Any CPU.ActiveCfg = Release|Any CPU
		{13DE72E4-3257-4FBD-B6C1-0218DB03A103}.Release|Any CPU.Build.0 = Release|Any CPU
		{D543EA00-CBC3-453D-B41B-088462FDE1F8}.Debug|Any CPU.ActiveCfg = Debug|Any CPU
		{D543EA00-CBC3-453D-B41B-088462FDE1F8}.Debug|Any CPU.Build.0 = Debug|Any CPU
		{D543EA00-CBC3-453D-B41B-088462FDE1F8}.Release|Any CPU.ActiveCfg = Release|Any CPU
		{D543EA00-CBC3-453D-B41B-088462FDE1F8}.Release|Any CPU.Build.0 = Release|Any CPU
		{B21CF212-6B1E-43E9-BA4D-798415988BD1}.Debug|Any CPU.ActiveCfg = Debug|Any CPU
		{B21CF212-6B1E-43E9-BA4D-798415988BD1}.Debug|Any CPU.Build.0 = Debug|Any CPU
		{B21CF212-6B1E-43E9-BA4D-798415988BD1}.Release|Any CPU.ActiveCfg = Release|Any CPU
		{B21CF212-6B1E-43E9-BA4D-798415988BD1}.Release|Any CPU.Build.0 = Release|Any CPU
		{CA998F5B-8AE0-4C40-98AD-A6A048850B4F}.Debug|Any CPU.ActiveCfg = Debug|Any CPU
		{CA998F5B-8AE0-4C40-98AD-A6A048850B4F}.Debug|Any CPU.Build.0 = Debug|Any CPU
		{CA998F5B-8AE0-4C40-98AD-A6A048850B4F}.Release|Any CPU.ActiveCfg = Release|Any CPU
		{CA998F5B-8AE0-4C40-98AD-A6A048850B4F}.Release|Any CPU.Build.0 = Release|Any CPU
		{242BF423-604A-407A-A5BC-0E73F17D004F}.Debug|Any CPU.ActiveCfg = Debug|Any CPU
		{242BF423-604A-407A-A5BC-0E73F17D004F}.Debug|Any CPU.Build.0 = Debug|Any CPU
		{242BF423-604A-407A-A5BC-0E73F17D004F}.Release|Any CPU.ActiveCfg = Release|Any CPU
		{242BF423-604A-407A-A5BC-0E73F17D004F}.Release|Any CPU.Build.0 = Release|Any CPU
	EndGlobalSection
	GlobalSection(SolutionProperties) = preSolution
		HideSolutionNode = FALSE
	EndGlobalSection
	GlobalSection(ExtensibilityGlobals) = postSolution
		SolutionGuid = {230F2845-623F-4026-AE76-14A578FDA6A6}
	EndGlobalSection
EndGlobal
